
Microsoft Visual Studio Solution File, Format Version 12.00
# Visual Studio Version 17
VisualStudioVersion = 17.5.002.0
MinimumVisualStudioVersion = 10.0.40219.1
Project("{9A19103F-16F7-4668-BE54-9A1E7A4F7556}") = "dotnetapi", "dotnetapi.csproj", "{8CF2E4C6-56CE-4A5B-928D-C4DE583C057B}"
EndProject
Global
	GlobalSection(SolutionConfigurationPlatforms) = preSolution
		Debug|Any CPU = Debug|Any CPU
		Release|Any CPU = Release|Any CPU
	EndGlobalSection
	GlobalSection(ProjectConfigurationPlatforms) = postSolution
		{8CF2E4C6-56CE-4A5B-928D-C4DE583C057B}.Debug|Any CPU.ActiveCfg = Debug|Any CPU
		{8CF2E4C6-56CE-4A5B-928D-C4DE583C057B}.Debug|Any CPU.Build.0 = Debug|Any CPU
		{8CF2E4C6-56CE-4A5B-928D-C4DE583C057B}.Release|Any CPU.ActiveCfg = Release|Any CPU
		{8CF2E4C6-56CE-4A5B-928D-C4DE583C057B}.Release|Any CPU.Build.0 = Release|Any CPU
	EndGlobalSection
	GlobalSection(SolutionProperties) = preSolution
		HideSolutionNode = FALSE
	EndGlobalSection
	GlobalSection(ExtensibilityGlobals) = postSolution
		SolutionGuid = {4A75BBA5-DEAC-40BB-9235-9D833D0B45B2}
	EndGlobalSection
EndGlobal
